
Microsoft Visual Studio Solution File, Format Version 12.00
# Visual Studio 15
VisualStudioVersion = 15.0.26730.12
MinimumVisualStudioVersion = 10.0.40219.1
Project("{FAE04EC0-301F-11D3-BF4B-00C04F79EFBC}") = "7", "Ppart2\7.csproj", "{E2D956C4-D5AE-4AC3-BBE6-B515063CD718}"
EndProject
Project("{FAE04EC0-301F-11D3-BF4B-00C04F79EFBC}") = "17", "17\17.csproj", "{83B00C16-E644-4994-AE11-608121CE08AE}"
EndProject
Global
	GlobalSection(SolutionConfigurationPlatforms) = preSolution
		Debug|Any CPU = Debug|Any CPU
		Release|Any CPU = Release|Any CPU
	EndGlobalSection
	GlobalSection(ProjectConfigurationPlatforms) = postSolution
		{E2D956C4-D5AE-4AC3-BBE6-B515063CD718}.Debug|Any CPU.ActiveCfg = Debug|Any CPU
		{E2D956C4-D5AE-4AC3-BBE6-B515063CD718}.Debug|Any CPU.Build.0 = Debug|Any CPU
		{E2D956C4-D5AE-4AC3-BBE6-B515063CD718}.Release|Any CPU.ActiveCfg = Release|Any CPU
		{E2D956C4-D5AE-4AC3-BBE6-B515063CD718}.Release|Any CPU.Build.0 = Release|Any CPU
		{83B00C16-E644-4994-AE11-608121CE08AE}.Debug|Any CPU.ActiveCfg = Debug|Any CPU
		{83B00C16-E644-4994-AE11-608121CE08AE}.Debug|Any CPU.Build.0 = Debug|Any CPU
		{83B00C16-E644-4994-AE11-608121CE08AE}.Release|Any CPU.ActiveCfg = Release|Any CPU
		{83B00C16-E644-4994-AE11-608121CE08AE}.Release|Any CPU.Build.0 = Release|Any CPU
	EndGlobalSection
	GlobalSection(SolutionProperties) = preSolution
		HideSolutionNode = FALSE
	EndGlobalSection
	GlobalSection(ExtensibilityGlobals) = postSolution
		SolutionGuid = {4507E459-112D-4211-8FE8-1A92651CED55}
	EndGlobalSection
EndGlobal
